
Microsoft Visual Studio Solution File, Format Version 12.00
# Visual Studio Version 16
VisualStudioVersion = 16.0.31624.102
MinimumVisualStudioVersion = 10.0.40219.1
Project("{8BC9CEB8-8B4A-11D0-8D11-00A0C91BC942}") = "SetContainer", "SetContainer.vcxproj", "{D5547401-4244-4BFB-91EC-9E1A944875CE}"
EndProject
Global
	GlobalSection(SolutionConfigurationPlatforms) = preSolution
		Debug|x64 = Debug|x64
		Debug|x86 = Debug|x86
		Release|x64 = Release|x64
		Release|x86 = Release|x86
	EndGlobalSection
	GlobalSection(ProjectConfigurationPlatforms) = postSolution
		{D5547401-4244-4BFB-91EC-9E1A944875CE}.Debug|x64.ActiveCfg = Debug|x64
		{D5547401-4244-4BFB-91EC-9E1A944875CE}.Debug|x64.Build.0 = Debug|x64
		{D5547401-4244-4BFB-91EC-9E1A944875CE}.Debug|x86.ActiveCfg = Debug|Win32
		{D5547401-4244-4BFB-91EC-9E1A944875CE}.Debug|x86.Build.0 = Debug|Win32
		{D5547401-4244-4BFB-91EC-9E1A944875CE}.Release|x64.ActiveCfg = Release|x64
		{D5547401-4244-4BFB-91EC-9E1A944875CE}.Release|x64.Build.0 = Release|x64
		{D5547401-4244-4BFB-91EC-9E1A944875CE}.Release|x86.ActiveCfg = Release|Win32
		{D5547401-4244-4BFB-91EC-9E1A944875CE}.Release|x86.Build.0 = Release|Win32
	EndGlobalSection
	GlobalSection(SolutionProperties) = preSolution
		HideSolutionNode = FALSE
	EndGlobalSection
	GlobalSection(ExtensibilityGlobals) = postSolution
		SolutionGuid = {022E46E1-D278-413D-88BD-C49383B23FC4}
	EndGlobalSection
EndGlobal
